
Microsoft Visual Studio Solution File, Format Version 12.00
# Visual Studio Version 17
VisualStudioVersion = 17.10.35013.160
MinimumVisualStudioVersion = 10.0.40219.1
Project("{FAE04EC0-301F-11D3-BF4B-00C04F79EFBC}") = "wepApp", "Hotel_Booking\wepApp.csproj", "{D5955AA6-661F-4CE7-9CB2-250FFC36309E}"
EndProject
Project("{FAE04EC0-301F-11D3-BF4B-00C04F79EFBC}") = "Core", "Core\Core.csproj", "{FE74F2A7-96B5-4A89-8389-78FE0E98F4D7}"
EndProject
Project("{FAE04EC0-301F-11D3-BF4B-00C04F79EFBC}") = "Infrastructuer", "Infrastructuer\Infrastructuer.csproj", "{B363A18C-BD4D-4A76-B26C-FD70D797F934}"
EndProject
Project("{FAE04EC0-301F-11D3-BF4B-00C04F79EFBC}") = "Api", "Api\Api.csproj", "{A7A0BCD0-3F6C-4FB9-BF45-DF7F96C73727}"
EndProject
Project("{FAE04EC0-301F-11D3-BF4B-00C04F79EFBC}") = "Application", "Application\Application.csproj", "{743D8905-DDBC-4F75-8144-7D7C295BE71E}"
EndProject
Global
	GlobalSection(SolutionConfigurationPlatforms) = preSolution
		Debug|Any CPU = Debug|Any CPU
		Release|Any CPU = Release|Any CPU
	EndGlobalSection
	GlobalSection(ProjectConfigurationPlatforms) = postSolution
		{D5955AA6-661F-4CE7-9CB2-250FFC36309E}.Debug|Any CPU.ActiveCfg = Debug|Any CPU
		{D5955AA6-661F-4CE7-9CB2-250FFC36309E}.Debug|Any CPU.Build.0 = Debug|Any CPU
		{D5955AA6-661F-4CE7-9CB2-250FFC36309E}.Release|Any CPU.ActiveCfg = Release|Any CPU
		{D5955AA6-661F-4CE7-9CB2-250FFC36309E}.Release|Any CPU.Build.0 = Release|Any CPU
		{FE74F2A7-96B5-4A89-8389-78FE0E98F4D7}.Debug|Any CPU.ActiveCfg = Debug|Any CPU
		{FE74F2A7-96B5-4A89-8389-78FE0E98F4D7}.Debug|Any CPU.Build.0 = Debug|Any CPU
		{FE74F2A7-96B5-4A89-8389-78FE0E98F4D7}.Release|Any CPU.ActiveCfg = Release|Any CPU
		{FE74F2A7-96B5-4A89-8389-78FE0E98F4D7}.Release|Any CPU.Build.0 = Release|Any CPU
		{B363A18C-BD4D-4A76-B26C-FD70D797F934}.Debug|Any CPU.ActiveCfg = Debug|Any CPU
		{B363A18C-BD4D-4A76-B26C-FD70D797F934}.Debug|Any CPU.Build.0 = Debug|Any CPU
		{B363A18C-BD4D-4A76-B26C-FD70D797F934}.Release|Any CPU.ActiveCfg = Release|Any CPU
		{B363A18C-BD4D-4A76-B26C-FD70D797F934}.Release|Any CPU.Build.0 = Release|Any CPU
		{A7A0BCD0-3F6C-4FB9-BF45-DF7F96C73727}.Debug|Any CPU.ActiveCfg = Debug|Any CPU
		{A7A0BCD0-3F6C-4FB9-BF45-DF7F96C73727}.Debug|Any CPU.Build.0 = Debug|Any CPU
		{A7A0BCD0-3F6C-4FB9-BF45-DF7F96C73727}.Release|Any CPU.ActiveCfg = Release|Any CPU
		{A7A0BCD0-3F6C-4FB9-BF45-DF7F96C73727}.Release|Any CPU.Build.0 = Release|Any CPU
		{743D8905-DDBC-4F75-8144-7D7C295BE71E}.Debug|Any CPU.ActiveCfg = Debug|Any CPU
		{743D8905-DDBC-4F75-8144-7D7C295BE71E}.Debug|Any CPU.Build.0 = Debug|Any CPU
		{743D8905-DDBC-4F75-8144-7D7C295BE71E}.Release|Any CPU.ActiveCfg = Release|Any CPU
		{743D8905-DDBC-4F75-8144-7D7C295BE71E}.Release|Any CPU.Build.0 = Release|Any CPU
	EndGlobalSection
	GlobalSection(SolutionProperties) = preSolution
		HideSolutionNode = FALSE
	EndGlobalSection
	GlobalSection(ExtensibilityGlobals) = postSolution
		SolutionGuid = {F3433C19-C9EA-4C3E-B9E8-475FEE67A829}
	EndGlobalSection
EndGlobal
